// !$*UTF8*$!
{
	archiveVersion = 1;
	classes = {
	};
	objectVersion = 56;
	objects = {

/* Begin PBXBuildFile section */
		F44DE5D02C0E9A1F00492889 /* GasListView.swift in Sources */ = {isa = PBXBuildFile; fileRef = F44DE5CF2C0E9A1F00492889 /* GasListView.swift */; };
		F44DE5D22C0E9AF200492889 /* DriversView.swift in Sources */ = {isa = PBXBuildFile; fileRef = F44DE5D12C0E9AF200492889 /* DriversView.swift */; };
		F44DE5D42C0E9B1F00492889 /* DispatcherView.swift in Sources */ = {isa = PBXBuildFile; fileRef = F44DE5D32C0E9B1F00492889 /* DispatcherView.swift */; };
		F451CE792BF2ED9B006619C6 /* NewThreeApp.swift in Sources */ = {isa = PBXBuildFile; fileRef = F451CE782BF2ED9B006619C6 /* NewThreeApp.swift */; };
		F451CE7B2BF2ED9B006619C6 /* GasStationTabView.swift in Sources */ = {isa = PBXBuildFile; fileRef = F451CE7A2BF2ED9B006619C6 /* GasStationTabView.swift */; };
		F451CE7D2BF2ED9D006619C6 /* Assets.xcassets in Resources */ = {isa = PBXBuildFile; fileRef = F451CE7C2BF2ED9D006619C6 /* Assets.xcassets */; };
		F451CE812BF2ED9D006619C6 /* Preview Assets.xcassets in Resources */ = {isa = PBXBuildFile; fileRef = F451CE802BF2ED9D006619C6 /* Preview Assets.xcassets */; };
		F451CE8B2BF2ED9D006619C6 /* NewThreeTests.swift in Sources */ = {isa = PBXBuildFile; fileRef = F451CE8A2BF2ED9D006619C6 /* NewThreeTests.swift */; };
		F451CE952BF2ED9D006619C6 /* NewThreeUITests.swift in Sources */ = {isa = PBXBuildFile; fileRef = F451CE942BF2ED9D006619C6 /* NewThreeUITests.swift */; };
		F451CE972BF2ED9D006619C6 /* NewThreeUITestsLaunchTests.swift in Sources */ = {isa = PBXBuildFile; fileRef = F451CE962BF2ED9D006619C6 /* NewThreeUITestsLaunchTests.swift */; };
		F45C50C22C11321600E8DFDB /* stations.json in Resources */ = {isa = PBXBuildFile; fileRef = F45C50C12C11321600E8DFDB /* stations.json */; };
		F45C50C42C1137EB00E8DFDB /* Driver.swift in Sources */ = {isa = PBXBuildFile; fileRef = F45C50C32C1137EB00E8DFDB /* Driver.swift */; };
/* End PBXBuildFile section */

/* Begin PBXContainerItemProxy section */
		F451CE872BF2ED9D006619C6 /* PBXContainerItemProxy */ = {
			isa = PBXContainerItemProxy;
			containerPortal = F451CE6D2BF2ED9B006619C6 /* Project object */;
			proxyType = 1;
			remoteGlobalIDString = F451CE742BF2ED9B006619C6;
			remoteInfo = NewThree;
		};
		F451CE912BF2ED9D006619C6 /* PBXContainerItemProxy */ = {
			isa = PBXContainerItemProxy;
			containerPortal = F451CE6D2BF2ED9B006619C6 /* Project object */;
			proxyType = 1;
			remoteGlobalIDString = F451CE742BF2ED9B006619C6;
			remoteInfo = NewThree;
		};
/* End PBXContainerItemProxy section */

/* Begin PBXFileReference section */
		F44DE5CF2C0E9A1F00492889 /* GasListView.swift */ = {isa = PBXFileReference; lastKnownFileType = sourcecode.swift; path = GasListView.swift; sourceTree = "<group>"; };
		F44DE5D12C0E9AF200492889 /* DriversView.swift */ = {isa = PBXFileReference; lastKnownFileType = sourcecode.swift; path = DriversView.swift; sourceTree = "<group>"; };
		F44DE5D32C0E9B1F00492889 /* DispatcherView.swift */ = {isa = PBXFileReference; lastKnownFileType = sourcecode.swift; path = DispatcherView.swift; sourceTree = "<group>"; };
		F451CE752BF2ED9B006619C6 /* NewThree.app */ = {isa = PBXFileReference; explicitFileType = wrapper.application; includeInIndex = 0; path = NewThree.app; sourceTree = BUILT_PRODUCTS_DIR; };
		F451CE782BF2ED9B006619C6 /* NewThreeApp.swift */ = {isa = PBXFileReference; lastKnownFileType = sourcecode.swift; path = NewThreeApp.swift; sourceTree = "<group>"; };
		F451CE7A2BF2ED9B006619C6 /* GasStationTabView.swift */ = {isa = PBXFileReference; lastKnownFileType = sourcecode.swift; path = GasStationTabView.swift; sourceTree = "<group>"; };
		F451CE7C2BF2ED9D006619C6 /* Assets.xcassets */ = {isa = PBXFileReference; lastKnownFileType = folder.assetcatalog; path = Assets.xcassets; sourceTree = "<group>"; };
		F451CE7E2BF2ED9D006619C6 /* NewThree.entitlements */ = {isa = PBXFileReference; lastKnownFileType = text.plist.entitlements; path = NewThree.entitlements; sourceTree = "<group>"; };
		F451CE802BF2ED9D006619C6 /* Preview Assets.xcassets */ = {isa = PBXFileReference; lastKnownFileType = folder.assetcatalog; path = "Preview Assets.xcassets"; sourceTree = "<group>"; };
		F451CE862BF2ED9D006619C6 /* NewThreeTests.xctest */ = {isa = PBXFileReference; explicitFileType = wrapper.cfbundle; includeInIndex = 0; path = NewThreeTests.xctest; sourceTree = BUILT_PRODUCTS_DIR; };
		F451CE8A2BF2ED9D006619C6 /* NewThreeTests.swift */ = {isa = PBXFileReference; lastKnownFileType = sourcecode.swift; path = NewThreeTests.swift; sourceTree = "<group>"; };
		F451CE902BF2ED9D006619C6 /* NewThreeUITests.xctest */ = {isa = PBXFileReference; explicitFileType = wrapper.cfbundle; includeInIndex = 0; path = NewThreeUITests.xctest; sourceTree = BUILT_PRODUCTS_DIR; };
		F451CE942BF2ED9D006619C6 /* NewThreeUITests.swift */ = {isa = PBXFileReference; lastKnownFileType = sourcecode.swift; path = NewThreeUITests.swift; sourceTree = "<group>"; };
		F451CE962BF2ED9D006619C6 /* NewThreeUITestsLaunchTests.swift */ = {isa = PBXFileReference; lastKnownFileType = sourcecode.swift; path = NewThreeUITestsLaunchTests.swift; sourceTree = "<group>"; };
		F45C50C12C11321600E8DFDB /* stations.json */ = {isa = PBXFileReference; lastKnownFileType = text.json; path = stations.json; sourceTree = "<group>"; };
		F45C50C32C1137EB00E8DFDB /* Driver.swift */ = {isa = PBXFileReference; lastKnownFileType = sourcecode.swift; path = Driver.swift; sourceTree = "<group>"; };
/* End PBXFileReference section */

/* Begin PBXFrameworksBuildPhase section */
		F451CE722BF2ED9B006619C6 /* Frameworks */ = {
			isa = PBXFrameworksBuildPhase;
			buildActionMask = 2147483647;
			files = (
			);
			runOnlyForDeploymentPostprocessing = 0;
		};
		F451CE832BF2ED9D006619C6 /* Frameworks */ = {
			isa = PBXFrameworksBuildPhase;
			buildActionMask = 2147483647;
			files = (
			);
			runOnlyForDeploymentPostprocessing = 0;
		};
		F451CE8D2BF2ED9D006619C6 /* Frameworks */ = {
			isa = PBXFrameworksBuildPhase;
			buildActionMask = 2147483647;
			files = (
			);
			runOnlyForDeploymentPostprocessing = 0;
		};
/* End PBXFrameworksBuildPhase section */

/* Begin PBXGroup section */
		F451CE6C2BF2ED9B006619C6 = {
			isa = PBXGroup;
			children = (
				F451CE772BF2ED9B006619C6 /* NewThree */,
				F451CE892BF2ED9D006619C6 /* NewThreeTests */,
				F451CE932BF2ED9D006619C6 /* NewThreeUITests */,
				F451CE762BF2ED9B006619C6 /* Products */,
			);
			sourceTree = "<group>";
		};
		F451CE762BF2ED9B006619C6 /* Products */ = {
			isa = PBXGroup;
			children = (
				F451CE752BF2ED9B006619C6 /* NewThree.app */,
				F451CE862BF2ED9D006619C6 /* NewThreeTests.xctest */,
				F451CE902BF2ED9D006619C6 /* NewThreeUITests.xctest */,
			);
			name = Products;
			sourceTree = "<group>";
		};
		F451CE772BF2ED9B006619C6 /* NewThree */ = {
			isa = PBXGroup;
			children = (
				F451CE782BF2ED9B006619C6 /* NewThreeApp.swift */,
				F44DE5CF2C0E9A1F00492889 /* GasListView.swift */,
				F44DE5D12C0E9AF200492889 /* DriversView.swift */,
				F44DE5D32C0E9B1F00492889 /* DispatcherView.swift */,
				F451CE7A2BF2ED9B006619C6 /* GasStationTabView.swift */,
				F45C50C12C11321600E8DFDB /* stations.json */,
				F45C50C32C1137EB00E8DFDB /* Driver.swift */,
				F451CE7C2BF2ED9D006619C6 /* Assets.xcassets */,
				F451CE7E2BF2ED9D006619C6 /* NewThree.entitlements */,
				F451CE7F2BF2ED9D006619C6 /* Preview Content */,
			);
			path = NewThree;
			sourceTree = "<group>";
		};
		F451CE7F2BF2ED9D006619C6 /* Preview Content */ = {
			isa = PBXGroup;
			children = (
				F451CE802BF2ED9D006619C6 /* Preview Assets.xcassets */,
			);
			path = "Preview Content";
			sourceTree = "<group>";
		};
		F451CE892BF2ED9D006619C6 /* NewThreeTests */ = {
			isa = PBXGroup;
			children = (
				F451CE8A2BF2ED9D006619C6 /* NewThreeTests.swift */,
			);
			path = NewThreeTests;
			sourceTree = "<group>";
		};
		F451CE932BF2ED9D006619C6 /* NewThreeUITests */ = {
			isa = PBXGroup;
			children = (
				F451CE942BF2ED9D006619C6 /* NewThreeUITests.swift */,
				F451CE962BF2ED9D006619C6 /* NewThreeUITestsLaunchTests.swift */,
			);
			path = NewThreeUITests;
			sourceTree = "<group>";
		};
/* End PBXGroup section */

/* Begin PBXNativeTarget section */
		F451CE742BF2ED9B006619C6 /* NewThree */ = {
			isa = PBXNativeTarget;
			buildConfigurationList = F451CE9A2BF2ED9D006619C6 /* Build configuration list for PBXNativeTarget "NewThree" */;
			buildPhases = (
				F451CE712BF2ED9B006619C6 /* Sources */,
				F451CE722BF2ED9B006619C6 /* Frameworks */,
				F451CE732BF2ED9B006619C6 /* Resources */,
			);
			buildRules = (
			);
			dependencies = (
			);
			name = NewThree;
			productName = NewThree;
			productReference = F451CE752BF2ED9B006619C6 /* NewThree.app */;
			productType = "com.apple.product-type.application";
		};
		F451CE852BF2ED9D006619C6 /* NewThreeTests */ = {
			isa = PBXNativeTarget;
			buildConfigurationList = F451CE9D2BF2ED9D006619C6 /* Build configuration list for PBXNativeTarget "NewThreeTests" */;
			buildPhases = (
				F451CE822BF2ED9D006619C6 /* Sources */,
				F451CE832BF2ED9D006619C6 /* Frameworks */,
				F451CE842BF2ED9D006619C6 /* Resources */,
			);
			buildRules = (
			);
			dependencies = (
				F451CE882BF2ED9D006619C6 /* PBXTargetDependency */,
			);
			name = NewThreeTests;
			productName = NewThreeTests;
			productReference = F451CE862BF2ED9D006619C6 /* NewThreeTests.xctest */;
			productType = "com.apple.product-type.bundle.unit-test";
		};
		F451CE8F2BF2ED9D006619C6 /* NewThreeUITests */ = {
			isa = PBXNativeTarget;
			buildConfigurationList = F451CEA02BF2ED9D006619C6 /* Build configuration list for PBXNativeTarget "NewThreeUITests" */;
			buildPhases = (
				F451CE8C2BF2ED9D006619C6 /* Sources */,
				F451CE8D2BF2ED9D006619C6 /* Frameworks */,
				F451CE8E2BF2ED9D006619C6 /* Resources */,
			);
			buildRules = (
			);
			dependencies = (
				F451CE922BF2ED9D006619C6 /* PBXTargetDependency */,
			);
			name = NewThreeUITests;
			productName = NewThreeUITests;
			productReference = F451CE902BF2ED9D006619C6 /* NewThreeUITests.xctest */;
			productType = "com.apple.product-type.bundle.ui-testing";
		};
/* End PBXNativeTarget section */

/* Begin PBXProject section */
		F451CE6D2BF2ED9B006619C6 /* Project object */ = {
			isa = PBXProject;
			attributes = {
				BuildIndependentTargetsInParallel = 1;
				LastSwiftUpdateCheck = 1530;
				LastUpgradeCheck = 1530;
				TargetAttributes = {
					F451CE742BF2ED9B006619C6 = {
						CreatedOnToolsVersion = 15.3;
					};
					F451CE852BF2ED9D006619C6 = {
						CreatedOnToolsVersion = 15.3;
						TestTargetID = F451CE742BF2ED9B006619C6;
					};
					F451CE8F2BF2ED9D006619C6 = {
						CreatedOnToolsVersion = 15.3;
						TestTargetID = F451CE742BF2ED9B006619C6;
					};
				};
			};
			buildConfigurationList = F451CE702BF2ED9B006619C6 /* Build configuration list for PBXProject "NewThree" */;
			compatibilityVersion = "Xcode 14.0";
			developmentRegion = en;
			hasScannedForEncodings = 0;
			knownRegions = (
				en,
				Base,
			);
			mainGroup = F451CE6C2BF2ED9B006619C6;
			productRefGroup = F451CE762BF2ED9B006619C6 /* Products */;
			projectDirPath = "";
			projectRoot = "";
			targets = (
				F451CE742BF2ED9B006619C6 /* NewThree */,
				F451CE852BF2ED9D006619C6 /* NewThreeTests */,
				F451CE8F2BF2ED9D006619C6 /* NewThreeUITests */,
			);
		};
/* End PBXProject section */

/* Begin PBXResourcesBuildPhase section */
		F451CE732BF2ED9B006619C6 /* Resources */ = {
			isa = PBXResourcesBuildPhase;
			buildActionMask = 2147483647;
			files = (
				F451CE812BF2ED9D006619C6 /* Preview Assets.xcassets in Resources */,
				F451CE7D2BF2ED9D006619C6 /* Assets.xcassets in Resources */,
				F45C50C22C11321600E8DFDB /* stations.json in Resources */,
			);
			runOnlyForDeploymentPostprocessing = 0;
		};
		F451CE842BF2ED9D006619C6 /* Resources */ = {
			isa = PBXResourcesBuildPhase;
			buildActionMask = 2147483647;
			files = (
			);
			runOnlyForDeploymentPostprocessing = 0;
		};
		F451CE8E2BF2ED9D006619C6 /* Resources */ = {
			isa = PBXResourcesBuildPhase;
			buildActionMask = 2147483647;
			files = (
			);
			runOnlyForDeploymentPostprocessing = 0;
		};
/* End PBXResourcesBuildPhase section */

/* Begin PBXSourcesBuildPhase section */
		F451CE712BF2ED9B006619C6 /* Sources */ = {
			isa = PBXSourcesBuildPhase;
			buildActionMask = 2147483647;
			files = (
				F451CE7B2BF2ED9B006619C6 /* GasStationTabView.swift in Sources */,
				F451CE792BF2ED9B006619C6 /* NewThreeApp.swift in Sources */,
				F44DE5D22C0E9AF200492889 /* DriversView.swift in Sources */,
				F45C50C42C1137EB00E8DFDB /* Driver.swift in Sources */,
				F44DE5D02C0E9A1F00492889 /* GasListView.swift in Sources */,
				F44DE5D42C0E9B1F00492889 /* DispatcherView.swift in Sources */,
			);
			runOnlyForDeploymentPostprocessing = 0;
		};
		F451CE822BF2ED9D006619C6 /* Sources */ = {
			isa = PBXSourcesBuildPhase;
			buildActionMask = 2147483647;
			files = (
				F451CE8B2BF2ED9D006619C6 /* NewThreeTests.swift in Sources */,
			);
			runOnlyForDeploymentPostprocessing = 0;
		};
		F451CE8C2BF2ED9D006619C6 /* Sources */ = {
			isa = PBXSourcesBuildPhase;
			buildActionMask = 2147483647;
			files = (
				F451CE972BF2ED9D006619C6 /* NewThreeUITestsLaunchTests.swift in Sources */,
				F451CE952BF2ED9D006619C6 /* NewThreeUITests.swift in Sources */,
			);
			runOnlyForDeploymentPostprocessing = 0;
		};
/* End PBXSourcesBuildPhase section */

/* Begin PBXTargetDependency section */
		F451CE882BF2ED9D006619C6 /* PBXTargetDependency */ = {
			isa = PBXTargetDependency;
			target = F451CE742BF2ED9B006619C6 /* NewThree */;
			targetProxy = F451CE872BF2ED9D006619C6 /* PBXContainerItemProxy */;
		};
		F451CE922BF2ED9D006619C6 /* PBXTargetDependency */ = {
			isa = PBXTargetDependency;
			target = F451CE742BF2ED9B006619C6 /* NewThree */;
			targetProxy = F451CE912BF2ED9D006619C6 /* PBXContainerItemProxy */;
		};
/* End PBXTargetDependency section */

/* Begin XCBuildConfiguration section */
		F451CE982BF2ED9D006619C6 /* Debug */ = {
			isa = XCBuildConfiguration;
			buildSettings = {
				ALWAYS_SEARCH_USER_PATHS = NO;
				ASSETCATALOG_COMPILER_GENERATE_SWIFT_ASSET_SYMBOL_EXTENSIONS = YES;
				CLANG_ANALYZER_NONNULL = YES;
				CLANG_ANALYZER_NUMBER_OBJECT_CONVERSION = YES_AGGRESSIVE;
				CLANG_CXX_LANGUAGE_STANDARD = "gnu++20";
				CLANG_ENABLE_MODULES = YES;
				CLANG_ENABLE_OBJC_ARC = YES;
				CLANG_ENABLE_OBJC_WEAK = YES;
				CLANG_WARN_BLOCK_CAPTURE_AUTORELEASING = YES;
				CLANG_WARN_BOOL_CONVERSION = YES;
				CLANG_WARN_COMMA = YES;
				CLANG_WARN_CONSTANT_CONVERSION = YES;
				CLANG_WARN_DEPRECATED_OBJC_IMPLEMENTATIONS = YES;
				CLANG_WARN_DIRECT_OBJC_ISA_USAGE = YES_ERROR;
				CLANG_WARN_DOCUMENTATION_COMMENTS = YES;
				CLANG_WARN_EMPTY_BODY = YES;
				CLANG_WARN_ENUM_CONVERSION = YES;
				CLANG_WARN_INFINITE_RECURSION = YES;
				CLANG_WARN_INT_CONVERSION = YES;
				CLANG_WARN_NON_LITERAL_NULL_CONVERSION = YES;
				CLANG_WARN_OBJC_IMPLICIT_RETAIN_SELF = YES;
				CLANG_WARN_OBJC_LITERAL_CONVERSION = YES;
				CLANG_WARN_OBJC_ROOT_CLASS = YES_ERROR;
				CLANG_WARN_QUOTED_INCLUDE_IN_FRAMEWORK_HEADER = YES;
				CLANG_WARN_RANGE_LOOP_ANALYSIS = YES;
				CLANG_WARN_STRICT_PROTOTYPES = YES;
				CLANG_WARN_SUSPICIOUS_MOVE = YES;
				CLANG_WARN_UNGUARDED_AVAILABILITY = YES_AGGRESSIVE;
				CLANG_WARN_UNREACHABLE_CODE = YES;
				CLANG_WARN__DUPLICATE_METHOD_MATCH = YES;
				COPY_PHASE_STRIP = NO;
				DEBUG_INFORMATION_FORMAT = dwarf;
				ENABLE_STRICT_OBJC_MSGSEND = YES;
				ENABLE_TESTABILITY = YES;
				ENABLE_USER_SCRIPT_SANDBOXING = YES;
				GCC_C_LANGUAGE_STANDARD = gnu17;
				GCC_DYNAMIC_NO_PIC = NO;
				GCC_NO_COMMON_BLOCKS = YES;
				GCC_OPTIMIZATION_LEVEL = 0;
				GCC_PREPROCESSOR_DEFINITIONS = (
					"DEBUG=1",
					"$(inherited)",
				);
				GCC_WARN_64_TO_32_BIT_CONVERSION = YES;
				GCC_WARN_ABOUT_RETURN_TYPE = YES_ERROR;
				GCC_WARN_UNDECLARED_SELECTOR = YES;
				GCC_WARN_UNINITIALIZED_AUTOS = YES_AGGRESSIVE;
				GCC_WARN_UNUSED_FUNCTION = YES;
				GCC_WARN_UNUSED_VARIABLE = YES;
				LOCALIZATION_PREFERS_STRING_CATALOGS = YES;
				MTL_ENABLE_DEBUG_INFO = INCLUDE_SOURCE;
				MTL_FAST_MATH = YES;
				ONLY_ACTIVE_ARCH = YES;
				SWIFT_ACTIVE_COMPILATION_CONDITIONS = "DEBUG $(inherited)";
				SWIFT_OPTIMIZATION_LEVEL = "-Onone";
			};
			name = Debug;
		};
		F451CE992BF2ED9D006619C6 /* Release */ = {
			isa = XCBuildConfiguration;
			buildSettings = {
				ALWAYS_SEARCH_USER_PATHS = NO;
				ASSETCATALOG_COMPILER_GENERATE_SWIFT_ASSET_SYMBOL_EXTENSIONS = YES;
				CLANG_ANALYZER_NONNULL = YES;
				CLANG_ANALYZER_NUMBER_OBJECT_CONVERSION = YES_AGGRESSIVE;
				CLANG_CXX_LANGUAGE_STANDARD = "gnu++20";
				CLANG_ENABLE_MODULES = YES;
				CLANG_ENABLE_OBJC_ARC = YES;
				CLANG_ENABLE_OBJC_WEAK = YES;
				CLANG_WARN_BLOCK_CAPTURE_AUTORELEASING = YES;
				CLANG_WARN_BOOL_CONVERSION = YES;
				CLANG_WARN_COMMA = YES;
				CLANG_WARN_CONSTANT_CONVERSION = YES;
				CLANG_WARN_DEPRECATED_OBJC_IMPLEMENTATIONS = YES;
				CLANG_WARN_DIRECT_OBJC_ISA_USAGE = YES_ERROR;
				CLANG_WARN_DOCUMENTATION_COMMENTS = YES;
				CLANG_WARN_EMPTY_BODY = YES;
				CLANG_WARN_ENUM_CONVERSION = YES;
				CLANG_WARN_INFINITE_RECURSION = YES;
				CLANG_WARN_INT_CONVERSION = YES;
				CLANG_WARN_NON_LITERAL_NULL_CONVERSION = YES;
				CLANG_WARN_OBJC_IMPLICIT_RETAIN_SELF = YES;
				CLANG_WARN_OBJC_LITERAL_CONVERSION = YES;
				CLANG_WARN_OBJC_ROOT_CLASS = YES_ERROR;
				CLANG_WARN_QUOTED_INCLUDE_IN_FRAMEWORK_HEADER = YES;
				CLANG_WARN_RANGE_LOOP_ANALYSIS = YES;
				CLANG_WARN_STRICT_PROTOTYPES = YES;
				CLANG_WARN_SUSPICIOUS_MOVE = YES;
				CLANG_WARN_UNGUARDED_AVAILABILITY = YES_AGGRESSIVE;
				CLANG_WARN_UNREACHABLE_CODE = YES;
				CLANG_WARN__DUPLICATE_METHOD_MATCH = YES;
				COPY_PHASE_STRIP = NO;
				DEBUG_INFORMATION_FORMAT = "dwarf-with-dsym";
				ENABLE_NS_ASSERTIONS = NO;
				ENABLE_STRICT_OBJC_MSGSEND = YES;
				ENABLE_USER_SCRIPT_SANDBOXING = YES;
				GCC_C_LANGUAGE_STANDARD = gnu17;
				GCC_NO_COMMON_BLOCKS = YES;
				GCC_WARN_64_TO_32_BIT_CONVERSION = YES;
				GCC_WARN_ABOUT_RETURN_TYPE = YES_ERROR;
				GCC_WARN_UNDECLARED_SELECTOR = YES;
				GCC_WARN_UNINITIALIZED_AUTOS = YES_AGGRESSIVE;
				GCC_WARN_UNUSED_FUNCTION = YES;
				GCC_WARN_UNUSED_VARIABLE = YES;
				LOCALIZATION_PREFERS_STRING_CATALOGS = YES;
				MTL_ENABLE_DEBUG_INFO = NO;
				MTL_FAST_MATH = YES;
				SWIFT_COMPILATION_MODE = wholemodule;
			};
			name = Release;
		};
		F451CE9B2BF2ED9D006619C6 /* Debug */ = {
			isa = XCBuildConfiguration;
			buildSettings = {
				ASSETCATALOG_COMPILER_APPICON_NAME = AppIcon;
				ASSETCATALOG_COMPILER_GLOBAL_ACCENT_COLOR_NAME = AccentColor;
				CODE_SIGN_ENTITLEMENTS = NewThree/NewThree.entitlements;
				CODE_SIGN_STYLE = Automatic;
				CURRENT_PROJECT_VERSION = 1;
				DEVELOPMENT_ASSET_PATHS = "\"NewThree/Preview Content\"";
				DEVELOPMENT_TEAM = 79M729PMA7;
				ENABLE_HARDENED_RUNTIME = YES;
				ENABLE_PREVIEWS = YES;
				GENERATE_INFOPLIST_FILE = YES;
				"INFOPLIST_KEY_UIApplicationSceneManifest_Generation[sdk=iphoneos*]" = YES;
				"INFOPLIST_KEY_UIApplicationSceneManifest_Generation[sdk=iphonesimulator*]" = YES;
				"INFOPLIST_KEY_UIApplicationSupportsIndirectInputEvents[sdk=iphoneos*]" = YES;
				"INFOPLIST_KEY_UIApplicationSupportsIndirectInputEvents[sdk=iphonesimulator*]" = YES;
				"INFOPLIST_KEY_UILaunchScreen_Generation[sdk=iphoneos*]" = YES;
				"INFOPLIST_KEY_UILaunchScreen_Generation[sdk=iphonesimulator*]" = YES;
				"INFOPLIST_KEY_UIStatusBarStyle[sdk=iphoneos*]" = UIStatusBarStyleDefault;
				"INFOPLIST_KEY_UIStatusBarStyle[sdk=iphonesimulator*]" = UIStatusBarStyleDefault;
				INFOPLIST_KEY_UISupportedInterfaceOrientations_iPad = "UIInterfaceOrientationPortrait UIInterfaceOrientationPortraitUpsideDown UIInterfaceOrientationLandscapeLeft UIInterfaceOrientationLandscapeRight";
				INFOPLIST_KEY_UISupportedInterfaceOrientations_iPhone = "UIInterfaceOrientationPortrait UIInterfaceOrientationLandscapeLeft UIInterfaceOrientationLandscapeRight";
				IPHONEOS_DEPLOYMENT_TARGET = 17.4;
				LD_RUNPATH_SEARCH_PATHS = "@executable_path/Frameworks";
				"LD_RUNPATH_SEARCH_PATHS[sdk=macosx*]" = "@executable_path/../Frameworks";
				MACOSX_DEPLOYMENT_TARGET = 14.4;
				MARKETING_VERSION = 1.0;
				PRODUCT_BUNDLE_IDENTIFIER = com.FutuckeInc.NewThree;
				PRODUCT_NAME = "$(TARGET_NAME)";
				SDKROOT = auto;
				SUPPORTED_PLATFORMS = "iphoneos iphonesimulator macosx";
				SWIFT_EMIT_LOC_STRINGS = YES;
				SWIFT_VERSION = 5.0;
				TARGETED_DEVICE_FAMILY = "1,2";
			};
			name = Debug;
		};
		F451CE9C2BF2ED9D006619C6 /* Release */ = {
			isa = XCBuildConfiguration;
			buildSettings = {
				ASSETCATALOG_COMPILER_APPICON_NAME = AppIcon;
				ASSETCATALOG_COMPILER_GLOBAL_ACCENT_COLOR_NAME = AccentColor;
				CODE_SIGN_ENTITLEMENTS = NewThree/NewThree.entitlements;
				CODE_SIGN_STYLE = Automatic;
				CURRENT_PROJECT_VERSION = 1;
				DEVELOPMENT_ASSET_PATHS = "\"NewThree/Preview Content\"";
				DEVELOPMENT_TEAM = 79M729PMA7;
				ENABLE_HARDENED_RUNTIME = YES;
				ENABLE_PREVIEWS = YES;
				GENERATE_INFOPLIST_FILE = YES;
				"INFOPLIST_KEY_UIApplicationSceneManifest_Generation[sdk=iphoneos*]" = YES;
				"INFOPLIST_KEY_UIApplicationSceneManifest_Generation[sdk=iphonesimulator*]" = YES;
				"INFOPLIST_KEY_UIApplicationSupportsIndirectInputEvents[sdk=iphoneos*]" = YES;
				"INFOPLIST_KEY_UIApplicationSupportsIndirectInputEvents[sdk=iphonesimulator*]" = YES;
				"INFOPLIST_KEY_UILaunchScreen_Generation[sdk=iphoneos*]" = YES;
				"INFOPLIST_KEY_UILaunchScreen_Generation[sdk=iphonesimulator*]" = YES;
				"INFOPLIST_KEY_UIStatusBarStyle[sdk=iphoneos*]" = UIStatusBarStyleDefault;
				"INFOPLIST_KEY_UIStatusBarStyle[sdk=iphonesimulator*]" = UIStatusBarStyleDefault;
				INFOPLIST_KEY_UISupportedInterfaceOrientations_iPad = "UIInterfaceOrientationPortrait UIInterfaceOrientationPortraitUpsideDown UIInterfaceOrientationLandscapeLeft UIInterfaceOrientationLandscapeRight";
				INFOPLIST_KEY_UISupportedInterfaceOrientations_iPhone = "UIInterfaceOrientationPortrait UIInterfaceOrientationLandscapeLeft UIInterfaceOrientationLandscapeRight";
				IPHONEOS_DEPLOYMENT_TARGET = 17.4;
				LD_RUNPATH_SEARCH_PATHS = "@executable_path/Frameworks";
				"LD_RUNPATH_SEARCH_PATHS[sdk=macosx*]" = "@executable_path/../Frameworks";
				MACOSX_DEPLOYMENT_TARGET = 14.4;
				MARKETING_VERSION = 1.0;
				PRODUCT_BUNDLE_IDENTIFIER = com.FutuckeInc.NewThree;
				PRODUCT_NAME = "$(TARGET_NAME)";
				SDKROOT = auto;
				SUPPORTED_PLATFORMS = "iphoneos iphonesimulator macosx";
				SWIFT_EMIT_LOC_STRINGS = YES;
				SWIFT_VERSION = 5.0;
				TARGETED_DEVICE_FAMILY = "1,2";
			};
			name = Release;
		};
		F451CE9E2BF2ED9D006619C6 /* Debug */ = {
			isa = XCBuildConfiguration;
			buildSettings = {
				ALWAYS_EMBED_SWIFT_STANDARD_LIBRARIES = YES;
				BUNDLE_LOADER = "$(TEST_HOST)";
				CODE_SIGN_STYLE = Automatic;
				CURRENT_PROJECT_VERSION = 1;
				DEVELOPMENT_TEAM = 79M729PMA7;
				GENERATE_INFOPLIST_FILE = YES;
				IPHONEOS_DEPLOYMENT_TARGET = 17.4;
				MACOSX_DEPLOYMENT_TARGET = 14.4;
				MARKETING_VERSION = 1.0;
				PRODUCT_BUNDLE_IDENTIFIER = com.FutuckeInc.NewThreeTests;
				PRODUCT_NAME = "$(TARGET_NAME)";
				SDKROOT = auto;
				SUPPORTED_PLATFORMS = "iphoneos iphonesimulator macosx";
				SWIFT_EMIT_LOC_STRINGS = NO;
				SWIFT_VERSION = 5.0;
				TARGETED_DEVICE_FAMILY = "1,2";
				TEST_HOST = "$(BUILT_PRODUCTS_DIR)/NewThree.app/$(BUNDLE_EXECUTABLE_FOLDER_PATH)/NewThree";
			};
			name = Debug;
		};
		F451CE9F2BF2ED9D006619C6 /* Release */ = {
			isa = XCBuildConfiguration;
			buildSettings = {
				ALWAYS_EMBED_SWIFT_STANDARD_LIBRARIES = YES;
				BUNDLE_LOADER = "$(TEST_HOST)";
				CODE_SIGN_STYLE = Automatic;
				CURRENT_PROJECT_VERSION = 1;
				DEVELOPMENT_TEAM = 79M729PMA7;
				GENERATE_INFOPLIST_FILE = YES;
				IPHONEOS_DEPLOYMENT_TARGET = 17.4;
				MACOSX_DEPLOYMENT_TARGET = 14.4;
				MARKETING_VERSION = 1.0;
				PRODUCT_BUNDLE_IDENTIFIER = com.FutuckeInc.NewThreeTests;
				PRODUCT_NAME = "$(TARGET_NAME)";
				SDKROOT = auto;
				SUPPORTED_PLATFORMS = "iphoneos iphonesimulator macosx";
				SWIFT_EMIT_LOC_STRINGS = NO;
				SWIFT_VERSION = 5.0;
				TARGETED_DEVICE_FAMILY = "1,2";
				TEST_HOST = "$(BUILT_PRODUCTS_DIR)/NewThree.app/$(BUNDLE_EXECUTABLE_FOLDER_PATH)/NewThree";
			};
			name = Release;
		};
		F451CEA12BF2ED9D006619C6 /* Debug */ = {
			isa = XCBuildConfiguration;
			buildSettings = {
				ALWAYS_EMBED_SWIFT_STANDARD_LIBRARIES = YES;
				CODE_SIGN_STYLE = Automatic;
				CURRENT_PROJECT_VERSION = 1;
				DEVELOPMENT_TEAM = 79M729PMA7;
				GENERATE_INFOPLIST_FILE = YES;
				IPHONEOS_DEPLOYMENT_TARGET = 17.4;
				MACOSX_DEPLOYMENT_TARGET = 14.4;
				MARKETING_VERSION = 1.0;
				PRODUCT_BUNDLE_IDENTIFIER = com.FutuckeInc.NewThreeUITests;
				PRODUCT_NAME = "$(TARGET_NAME)";
				SDKROOT = auto;
				SUPPORTED_PLATFORMS = "iphoneos iphonesimulator macosx";
				SWIFT_EMIT_LOC_STRINGS = NO;
				SWIFT_VERSION = 5.0;
				TARGETED_DEVICE_FAMILY = "1,2";
				TEST_TARGET_NAME = NewThree;
			};
			name = Debug;
		};
		F451CEA22BF2ED9D006619C6 /* Release */ = {
			isa = XCBuildConfiguration;
			buildSettings = {
				ALWAYS_EMBED_SWIFT_STANDARD_LIBRARIES = YES;
				CODE_SIGN_STYLE = Automatic;
				CURRENT_PROJECT_VERSION = 1;
				DEVELOPMENT_TEAM = 79M729PMA7;
				GENERATE_INFOPLIST_FILE = YES;
				IPHONEOS_DEPLOYMENT_TARGET = 17.4;
				MACOSX_DEPLOYMENT_TARGET = 14.4;
				MARKETING_VERSION = 1.0;
				PRODUCT_BUNDLE_IDENTIFIER = com.FutuckeInc.NewThreeUITests;
				PRODUCT_NAME = "$(TARGET_NAME)";
				SDKROOT = auto;
				SUPPORTED_PLATFORMS = "iphoneos iphonesimulator macosx";
				SWIFT_EMIT_LOC_STRINGS = NO;
				SWIFT_VERSION = 5.0;
				TARGETED_DEVICE_FAMILY = "1,2";
				TEST_TARGET_NAME = NewThree;
			};
			name = Release;
		};
/* End XCBuildConfiguration section */

/* Begin XCConfigurationList section */
		F451CE702BF2ED9B006619C6 /* Build configuration list for PBXProject "NewThree" */ = {
			isa = XCConfigurationList;
			buildConfigurations = (
				F451CE982BF2ED9D006619C6 /* Debug */,
				F451CE992BF2ED9D006619C6 /* Release */,
			);
			defaultConfigurationIsVisible = 0;
			defaultConfigurationName = Release;
		};
		F451CE9A2BF2ED9D006619C6 /* Build configuration list for PBXNativeTarget "NewThree" */ = {
			isa = XCConfigurationList;
			buildConfigurations = (
				F451CE9B2BF2ED9D006619C6 /* Debug */,
				F451CE9C2BF2ED9D006619C6 /* Release */,
			);
			defaultConfigurationIsVisible = 0;
			defaultConfigurationName = Release;
		};
		F451CE9D2BF2ED9D006619C6 /* Build configuration list for PBXNativeTarget "NewThreeTests" */ = {
			isa = XCConfigurationList;
			buildConfigurations = (
				F451CE9E2BF2ED9D006619C6 /* Debug */,
				F451CE9F2BF2ED9D006619C6 /* Release */,
			);
			defaultConfigurationIsVisible = 0;
			defaultConfigurationName = Release;
		};
		F451CEA02BF2ED9D006619C6 /* Build configuration list for PBXNativeTarget "NewThreeUITests" */ = {
			isa = XCConfigurationList;
			buildConfigurations = (
				F451CEA12BF2ED9D006619C6 /* Debug */,
				F451CEA22BF2ED9D006619C6 /* Release */,
			);
			defaultConfigurationIsVisible = 0;
			defaultConfigurationName = Release;
		};
/* End XCConfigurationList section */
	};
	rootObject = F451CE6D2BF2ED9B006619C6 /* Project object */;
}
